
Microsoft Visual Studio Solution File, Format Version 12.00
# Visual Studio Version 17
VisualStudioVersion = 17.7.34031.279
MinimumVisualStudioVersion = 10.0.40219.1
Project("{FAE04EC0-301F-11D3-BF4B-00C04F79EFBC}") = "Week9Lists", "Week9Lists\Week9Lists.csproj", "{96B6B712-D6BD-40C8-9FCA-D15C15417157}"
EndProject
Global
	GlobalSection(SolutionConfigurationPlatforms) = preSolution
		Debug|Any CPU = Debug|Any CPU
		Release|Any CPU = Release|Any CPU
	EndGlobalSection
	GlobalSection(ProjectConfigurationPlatforms) = postSolution
		{96B6B712-D6BD-40C8-9FCA-D15C15417157}.Debug|Any CPU.ActiveCfg = Debug|Any CPU
		{96B6B712-D6BD-40C8-9FCA-D15C15417157}.Debug|Any CPU.Build.0 = Debug|Any CPU
		{96B6B712-D6BD-40C8-9FCA-D15C15417157}.Release|Any CPU.ActiveCfg = Release|Any CPU
		{96B6B712-D6BD-40C8-9FCA-D15C15417157}.Release|Any CPU.Build.0 = Release|Any CPU
	EndGlobalSection
	GlobalSection(SolutionProperties) = preSolution
		HideSolutionNode = FALSE
	EndGlobalSection
	GlobalSection(ExtensibilityGlobals) = postSolution
		SolutionGuid = {13BA3460-371A-4F5A-B197-9D988B5ADD25}
	EndGlobalSection
EndGlobal
